// !$*UTF8*$!
{
	archiveVersion = 1;
	classes = {
	};
	objectVersion = 50;
	objects = {

/* Begin PBXBuildFile section */
		CA606B672430FC8B00432333 /* AppDelegate.swift in Sources */ = {isa = PBXBuildFile; fileRef = CA606B662430FC8B00432333 /* AppDelegate.swift */; };
		CA606B692430FC8B00432333 /* SceneDelegate.swift in Sources */ = {isa = PBXBuildFile; fileRef = CA606B682430FC8B00432333 /* SceneDelegate.swift */; };
		CA606B6B2430FC8B00432333 /* ViewController.swift in Sources */ = {isa = PBXBuildFile; fileRef = CA606B6A2430FC8B00432333 /* ViewController.swift */; };
		CA606B702430FC8D00432333 /* Assets.xcassets in Resources */ = {isa = PBXBuildFile; fileRef = CA606B6F2430FC8D00432333 /* Assets.xcassets */; };
		CA606B732430FC8D00432333 /* LaunchScreen.storyboard in Resources */ = {isa = PBXBuildFile; fileRef = CA606B712430FC8D00432333 /* LaunchScreen.storyboard */; };
		CA606B7F2430FF2500432333 /* Login.storyboard in Resources */ = {isa = PBXBuildFile; fileRef = CA606B7E2430FF2500432333 /* Login.storyboard */; };
		CA606B812431011100432333 /* LoginViewController.swift in Sources */ = {isa = PBXBuildFile; fileRef = CA606B802431011100432333 /* LoginViewController.swift */; };
		CA606B842431022700432333 /* Main.storyboard in Resources */ = {isa = PBXBuildFile; fileRef = CA606B832431022700432333 /* Main.storyboard */; };
/* End PBXBuildFile section */

/* Begin PBXFileReference section */
		CA606B632430FC8B00432333 /* EnergyConsultant.app */ = {isa = PBXFileReference; explicitFileType = wrapper.application; includeInIndex = 0; path = EnergyConsultant.app; sourceTree = BUILT_PRODUCTS_DIR; };
		CA606B662430FC8B00432333 /* AppDelegate.swift */ = {isa = PBXFileReference; lastKnownFileType = sourcecode.swift; path = AppDelegate.swift; sourceTree = "<group>"; };
		CA606B682430FC8B00432333 /* SceneDelegate.swift */ = {isa = PBXFileReference; lastKnownFileType = sourcecode.swift; path = SceneDelegate.swift; sourceTree = "<group>"; };
		CA606B6A2430FC8B00432333 /* ViewController.swift */ = {isa = PBXFileReference; lastKnownFileType = sourcecode.swift; path = ViewController.swift; sourceTree = "<group>"; };
		CA606B6F2430FC8D00432333 /* Assets.xcassets */ = {isa = PBXFileReference; lastKnownFileType = folder.assetcatalog; path = Assets.xcassets; sourceTree = "<group>"; };
		CA606B722430FC8D00432333 /* Base */ = {isa = PBXFileReference; lastKnownFileType = file.storyboard; name = Base; path = Base.lproj/LaunchScreen.storyboard; sourceTree = "<group>"; };
		CA606B742430FC8D00432333 /* Info.plist */ = {isa = PBXFileReference; lastKnownFileType = text.plist.xml; path = Info.plist; sourceTree = "<group>"; };
		CA606B7E2430FF2500432333 /* Login.storyboard */ = {isa = PBXFileReference; lastKnownFileType = file.storyboard; path = Login.storyboard; sourceTree = "<group>"; };
		CA606B802431011100432333 /* LoginViewController.swift */ = {isa = PBXFileReference; lastKnownFileType = sourcecode.swift; path = LoginViewController.swift; sourceTree = "<group>"; };
		CA606B832431022700432333 /* Main.storyboard */ = {isa = PBXFileReference; lastKnownFileType = file.storyboard; path = Main.storyboard; sourceTree = "<group>"; };
/* End PBXFileReference section */

/* Begin PBXFrameworksBuildPhase section */
		CA606B602430FC8B00432333 /* Frameworks */ = {
			isa = PBXFrameworksBuildPhase;
			buildActionMask = 2147483647;
			files = (
			);
			runOnlyForDeploymentPostprocessing = 0;
		};
/* End PBXFrameworksBuildPhase section */

/* Begin PBXGroup section */
		CA606B5A2430FC8B00432333 = {
			isa = PBXGroup;
			children = (
				CA606B652430FC8B00432333 /* EnergyConsultant */,
				CA606B642430FC8B00432333 /* Products */,
			);
			sourceTree = "<group>";
		};
		CA606B642430FC8B00432333 /* Products */ = {
			isa = PBXGroup;
			children = (
				CA606B632430FC8B00432333 /* EnergyConsultant.app */,
			);
			name = Products;
			sourceTree = "<group>";
		};
		CA606B652430FC8B00432333 /* EnergyConsultant */ = {
			isa = PBXGroup;
			children = (
				CA606B662430FC8B00432333 /* AppDelegate.swift */,
				CA606B682430FC8B00432333 /* SceneDelegate.swift */,
				CA606B7B2430FCA700432333 /* Storyboards */,
				CA606B7C2430FCC800432333 /* ViewControllers */,
				CA606B7D2430FE6200432333 /* Utils */,
				CA606B6F2430FC8D00432333 /* Assets.xcassets */,
				CA606B742430FC8D00432333 /* Info.plist */,
			);
			path = EnergyConsultant;
			sourceTree = "<group>";
		};
		CA606B7B2430FCA700432333 /* Storyboards */ = {
			isa = PBXGroup;
			children = (
				CA606B712430FC8D00432333 /* LaunchScreen.storyboard */,
				CA606B7E2430FF2500432333 /* Login.storyboard */,
				CA606B832431022700432333 /* Main.storyboard */,
			);
			path = Storyboards;
			sourceTree = "<group>";
		};
		CA606B7C2430FCC800432333 /* ViewControllers */ = {
			isa = PBXGroup;
			children = (
				CA606B822431011C00432333 /* Login */,
				CA606B6A2430FC8B00432333 /* ViewController.swift */,
			);
			path = ViewControllers;
			sourceTree = "<group>";
		};
		CA606B7D2430FE6200432333 /* Utils */ = {
			isa = PBXGroup;
			children = (
			);
			path = Utils;
			sourceTree = "<group>";
		};
		CA606B822431011C00432333 /* Login */ = {
			isa = PBXGroup;
			children = (
				CA606B802431011100432333 /* LoginViewController.swift */,
			);
			path = Login;
			sourceTree = "<group>";
		};
/* End PBXGroup section */

/* Begin PBXNativeTarget section */
		CA606B622430FC8B00432333 /* EnergyConsultant */ = {
			isa = PBXNativeTarget;
			buildConfigurationList = CA606B772430FC8D00432333 /* Build configuration list for PBXNativeTarget "EnergyConsultant" */;
			buildPhases = (
				CA606B5F2430FC8B00432333 /* Sources */,
				CA606B602430FC8B00432333 /* Frameworks */,
				CA606B612430FC8B00432333 /* Resources */,
			);
			buildRules = (
			);
			dependencies = (
			);
			name = EnergyConsultant;
			productName = EnergyConsultant;
			productReference = CA606B632430FC8B00432333 /* EnergyConsultant.app */;
			productType = "com.apple.product-type.application";
		};
/* End PBXNativeTarget section */

/* Begin PBXProject section */
		CA606B5B2430FC8B00432333 /* Project object */ = {
			isa = PBXProject;
			attributes = {
				LastSwiftUpdateCheck = 1140;
				LastUpgradeCheck = 1140;
				ORGANIZATIONNAME = "Katsenos Christos";
				TargetAttributes = {
					CA606B622430FC8B00432333 = {
						CreatedOnToolsVersion = 11.4;
					};
				};
			};
			buildConfigurationList = CA606B5E2430FC8B00432333 /* Build configuration list for PBXProject "EnergyConsultant" */;
			compatibilityVersion = "Xcode 9.3";
			developmentRegion = en;
			hasScannedForEncodings = 0;
			knownRegions = (
				en,
				Base,
			);
			mainGroup = CA606B5A2430FC8B00432333;
			productRefGroup = CA606B642430FC8B00432333 /* Products */;
			projectDirPath = "";
			projectRoot = "";
			targets = (
				CA606B622430FC8B00432333 /* EnergyConsultant */,
			);
		};
/* End PBXProject section */

/* Begin PBXResourcesBuildPhase section */
		CA606B612430FC8B00432333 /* Resources */ = {
			isa = PBXResourcesBuildPhase;
			buildActionMask = 2147483647;
			files = (
				CA606B7F2430FF2500432333 /* Login.storyboard in Resources */,
				CA606B732430FC8D00432333 /* LaunchScreen.storyboard in Resources */,
				CA606B702430FC8D00432333 /* Assets.xcassets in Resources */,
				CA606B842431022700432333 /* Main.storyboard in Resources */,
			);
			runOnlyForDeploymentPostprocessing = 0;
		};
/* End PBXResourcesBuildPhase section */

/* Begin PBXSourcesBuildPhase section */
		CA606B5F2430FC8B00432333 /* Sources */ = {
			isa = PBXSourcesBuildPhase;
			buildActionMask = 2147483647;
			files = (
				CA606B812431011100432333 /* LoginViewController.swift in Sources */,
				CA606B6B2430FC8B00432333 /* ViewController.swift in Sources */,
				CA606B672430FC8B00432333 /* AppDelegate.swift in Sources */,
				CA606B692430FC8B00432333 /* SceneDelegate.swift in Sources */,
			);
			runOnlyForDeploymentPostprocessing = 0;
		};
/* End PBXSourcesBuildPhase section */

/* Begin PBXVariantGroup section */
		CA606B712430FC8D00432333 /* LaunchScreen.storyboard */ = {
			isa = PBXVariantGroup;
			children = (
				CA606B722430FC8D00432333 /* Base */,
			);
			name = LaunchScreen.storyboard;
			sourceTree = "<group>";
		};
/* End PBXVariantGroup section */

/* Begin XCBuildConfiguration section */
		CA606B752430FC8D00432333 /* Debug */ = {
			isa = XCBuildConfiguration;
			buildSettings = {
				ALWAYS_SEARCH_USER_PATHS = NO;
				CLANG_ANALYZER_NONNULL = YES;
				CLANG_ANALYZER_NUMBER_OBJECT_CONVERSION = YES_AGGRESSIVE;
				CLANG_CXX_LANGUAGE_STANDARD = "gnu++14";
				CLANG_CXX_LIBRARY = "libc++";
				CLANG_ENABLE_MODULES = YES;
				CLANG_ENABLE_OBJC_ARC = YES;
				CLANG_ENABLE_OBJC_WEAK = YES;
				CLANG_WARN_BLOCK_CAPTURE_AUTORELEASING = YES;
				CLANG_WARN_BOOL_CONVERSION = YES;
				CLANG_WARN_COMMA = YES;
				CLANG_WARN_CONSTANT_CONVERSION = YES;
				CLANG_WARN_DEPRECATED_OBJC_IMPLEMENTATIONS = YES;
				CLANG_WARN_DIRECT_OBJC_ISA_USAGE = YES_ERROR;
				CLANG_WARN_DOCUMENTATION_COMMENTS = YES;
				CLANG_WARN_EMPTY_BODY = YES;
				CLANG_WARN_ENUM_CONVERSION = YES;
				CLANG_WARN_INFINITE_RECURSION = YES;
				CLANG_WARN_INT_CONVERSION = YES;
				CLANG_WARN_NON_LITERAL_NULL_CONVERSION = YES;
				CLANG_WARN_OBJC_IMPLICIT_RETAIN_SELF = YES;
				CLANG_WARN_OBJC_LITERAL_CONVERSION = YES;
				CLANG_WARN_OBJC_ROOT_CLASS = YES_ERROR;
				CLANG_WARN_RANGE_LOOP_ANALYSIS = YES;
				CLANG_WARN_STRICT_PROTOTYPES = YES;
				CLANG_WARN_SUSPICIOUS_MOVE = YES;
				CLANG_WARN_UNGUARDED_AVAILABILITY = YES_AGGRESSIVE;
				CLANG_WARN_UNREACHABLE_CODE = YES;
				CLANG_WARN__DUPLICATE_METHOD_MATCH = YES;
				COPY_PHASE_STRIP = NO;
				DEBUG_INFORMATION_FORMAT = dwarf;
				ENABLE_STRICT_OBJC_MSGSEND = YES;
				ENABLE_TESTABILITY = YES;
				GCC_C_LANGUAGE_STANDARD = gnu11;
				GCC_DYNAMIC_NO_PIC = NO;
				GCC_NO_COMMON_BLOCKS = YES;
				GCC_OPTIMIZATION_LEVEL = 0;
				GCC_PREPROCESSOR_DEFINITIONS = (
					"DEBUG=1",
					"$(inherited)",
				);
				GCC_WARN_64_TO_32_BIT_CONVERSION = YES;
				GCC_WARN_ABOUT_RETURN_TYPE = YES_ERROR;
				GCC_WARN_UNDECLARED_SELECTOR = YES;
				GCC_WARN_UNINITIALIZED_AUTOS = YES_AGGRESSIVE;
				GCC_WARN_UNUSED_FUNCTION = YES;
				GCC_WARN_UNUSED_VARIABLE = YES;
				IPHONEOS_DEPLOYMENT_TARGET = 13.4;
				MTL_ENABLE_DEBUG_INFO = INCLUDE_SOURCE;
				MTL_FAST_MATH = YES;
				ONLY_ACTIVE_ARCH = YES;
				SDKROOT = iphoneos;
				SWIFT_ACTIVE_COMPILATION_CONDITIONS = DEBUG;
				SWIFT_OPTIMIZATION_LEVEL = "-Onone";
			};
			name = Debug;
		};
		CA606B762430FC8D00432333 /* Release */ = {
			isa = XCBuildConfiguration;
			buildSettings = {
				ALWAYS_SEARCH_USER_PATHS = NO;
				CLANG_ANALYZER_NONNULL = YES;
				CLANG_ANALYZER_NUMBER_OBJECT_CONVERSION = YES_AGGRESSIVE;
				CLANG_CXX_LANGUAGE_STANDARD = "gnu++14";
				CLANG_CXX_LIBRARY = "libc++";
				CLANG_ENABLE_MODULES = YES;
				CLANG_ENABLE_OBJC_ARC = YES;
				CLANG_ENABLE_OBJC_WEAK = YES;
				CLANG_WARN_BLOCK_CAPTURE_AUTORELEASING = YES;
				CLANG_WARN_BOOL_CONVERSION = YES;
				CLANG_WARN_COMMA = YES;
				CLANG_WARN_CONSTANT_CONVERSION = YES;
				CLANG_WARN_DEPRECATED_OBJC_IMPLEMENTATIONS = YES;
				CLANG_WARN_DIRECT_OBJC_ISA_USAGE = YES_ERROR;
				CLANG_WARN_DOCUMENTATION_COMMENTS = YES;
				CLANG_WARN_EMPTY_BODY = YES;
				CLANG_WARN_ENUM_CONVERSION = YES;
				CLANG_WARN_INFINITE_RECURSION = YES;
				CLANG_WARN_INT_CONVERSION = YES;
				CLANG_WARN_NON_LITERAL_NULL_CONVERSION = YES;
				CLANG_WARN_OBJC_IMPLICIT_RETAIN_SELF = YES;
				CLANG_WARN_OBJC_LITERAL_CONVERSION = YES;
				CLANG_WARN_OBJC_ROOT_CLASS = YES_ERROR;
				CLANG_WARN_RANGE_LOOP_ANALYSIS = YES;
				CLANG_WARN_STRICT_PROTOTYPES = YES;
				CLANG_WARN_SUSPICIOUS_MOVE = YES;
				CLANG_WARN_UNGUARDED_AVAILABILITY = YES_AGGRESSIVE;
				CLANG_WARN_UNREACHABLE_CODE = YES;
				CLANG_WARN__DUPLICATE_METHOD_MATCH = YES;
				COPY_PHASE_STRIP = NO;
				DEBUG_INFORMATION_FORMAT = "dwarf-with-dsym";
				ENABLE_NS_ASSERTIONS = NO;
				ENABLE_STRICT_OBJC_MSGSEND = YES;
				GCC_C_LANGUAGE_STANDARD = gnu11;
				GCC_NO_COMMON_BLOCKS = YES;
				GCC_WARN_64_TO_32_BIT_CONVERSION = YES;
				GCC_WARN_ABOUT_RETURN_TYPE = YES_ERROR;
				GCC_WARN_UNDECLARED_SELECTOR = YES;
				GCC_WARN_UNINITIALIZED_AUTOS = YES_AGGRESSIVE;
				GCC_WARN_UNUSED_FUNCTION = YES;
				GCC_WARN_UNUSED_VARIABLE = YES;
				IPHONEOS_DEPLOYMENT_TARGET = 13.4;
				MTL_ENABLE_DEBUG_INFO = NO;
				MTL_FAST_MATH = YES;
				SDKROOT = iphoneos;
				SWIFT_COMPILATION_MODE = wholemodule;
				SWIFT_OPTIMIZATION_LEVEL = "-O";
				VALIDATE_PRODUCT = YES;
			};
			name = Release;
		};
		CA606B782430FC8D00432333 /* Debug */ = {
			isa = XCBuildConfiguration;
			buildSettings = {
				ASSETCATALOG_COMPILER_APPICON_NAME = AppIcon;
				CODE_SIGN_STYLE = Automatic;
				DEVELOPMENT_TEAM = BP22274ZL2;
				INFOPLIST_FILE = EnergyConsultant/Info.plist;
				LD_RUNPATH_SEARCH_PATHS = (
					"$(inherited)",
					"@executable_path/Frameworks",
				);
				PRODUCT_BUNDLE_IDENTIFIER = com.katsesoft.EnergyConsultant;
				PRODUCT_NAME = "$(TARGET_NAME)";
				SWIFT_VERSION = 5.0;
				TARGETED_DEVICE_FAMILY = "1,2";
			};
			name = Debug;
		};
		CA606B792430FC8D00432333 /* Release */ = {
			isa = XCBuildConfiguration;
			buildSettings = {
				ASSETCATALOG_COMPILER_APPICON_NAME = AppIcon;
				CODE_SIGN_STYLE = Automatic;
				DEVELOPMENT_TEAM = BP22274ZL2;
				INFOPLIST_FILE = EnergyConsultant/Info.plist;
				LD_RUNPATH_SEARCH_PATHS = (
					"$(inherited)",
					"@executable_path/Frameworks",
				);
				PRODUCT_BUNDLE_IDENTIFIER = com.katsesoft.EnergyConsultant;
				PRODUCT_NAME = "$(TARGET_NAME)";
				SWIFT_VERSION = 5.0;
				TARGETED_DEVICE_FAMILY = "1,2";
			};
			name = Release;
		};
/* End XCBuildConfiguration section */

/* Begin XCConfigurationList section */
		CA606B5E2430FC8B00432333 /* Build configuration list for PBXProject "EnergyConsultant" */ = {
			isa = XCConfigurationList;
			buildConfigurations = (
				CA606B752430FC8D00432333 /* Debug */,
				CA606B762430FC8D00432333 /* Release */,
			);
			defaultConfigurationIsVisible = 0;
			defaultConfigurationName = Release;
		};
		CA606B772430FC8D00432333 /* Build configuration list for PBXNativeTarget "EnergyConsultant" */ = {
			isa = XCConfigurationList;
			buildConfigurations = (
				CA606B782430FC8D00432333 /* Debug */,
				CA606B792430FC8D00432333 /* Release */,
			);
			defaultConfigurationIsVisible = 0;
			defaultConfigurationName = Release;
		};
/* End XCConfigurationList section */
	};
	rootObject = CA606B5B2430FC8B00432333 /* Project object */;
}
